
Microsoft Visual Studio Solution File, Format Version 12.00
# Visual Studio 2013
VisualStudioVersion = 12.0.40629.0
MinimumVisualStudioVersion = 10.0.40219.1
Project("{FAE04EC0-301F-11D3-BF4B-00C04F79EFBC}") = "MotionDataLogger", "MotionDataLogger\MotionDataLogger.csproj", "{10D7A4CA-5EAC-40C8-ABE7-DC5989859D78}"
EndProject
Project("{FAE04EC0-301F-11D3-BF4B-00C04F79EFBC}") = "EmoStateLogger", "EmoStateLogger\EmoStateLogger.csproj", "{374D51CD-5F57-4145-8A61-9CBAB5E0F6D7}"
EndProject
Project("{FAE04EC0-301F-11D3-BF4B-00C04F79EFBC}") = "SavingAndLoadingProfileCloud", "SavingAndLoadingProfileCloud\SavingAndLoadingProfileCloud.csproj", "{A6D94E03-CB88-4093-B19C-3D320CA538B9}"
EndProject
Project("{FAE04EC0-301F-11D3-BF4B-00C04F79EFBC}") = "HeadsetInformationLogger", "HeadsetInformationLogger\HeadsetInformationLogger.csproj", "{FB2AB705-4466-4988-94DE-A3F324E109BA}"
EndProject
Project("{FAE04EC0-301F-11D3-BF4B-00C04F79EFBC}") = "MentalCommandWithCloudProfile", "MentalCommandWithCloudProfile\MentalCommandWithCloudProfile.csproj", "{E942BEEE-7662-44AC-9BD6-1004A6813AC8}"
EndProject
Project("{FAE04EC0-301F-11D3-BF4B-00C04F79EFBC}") = "DotNetEmotivSDK", "DotNetEmotivSDK\DotNetEmotivSDK.csproj", "{D3337309-9682-425E-8EDC-2ECFACF79565}"
EndProject
Project("{FAE04EC0-301F-11D3-BF4B-00C04F79EFBC}") = "AverageBandPowers", "AverageBandPowers\AverageBandPowers.csproj", "{42F64FED-5022-4EA8-8C52-70481E90373B}"
EndProject
Project("{FAE04EC0-301F-11D3-BF4B-00C04F79EFBC}") = "MultiDongles", "MultiDongles\MultiDongles.csproj", "{BB668597-0E2E-4AC7-9F50-38668215C998}"
EndProject
Global
	GlobalSection(SolutionConfigurationPlatforms) = preSolution
		Debug|Any CPU = Debug|Any CPU
		Debug|Mixed Platforms = Debug|Mixed Platforms
		Debug|Win32 = Debug|Win32
		Debug|x64 = Debug|x64
		Debug|x86 = Debug|x86
		Release|Any CPU = Release|Any CPU
		Release|Mixed Platforms = Release|Mixed Platforms
		Release|Win32 = Release|Win32
		Release|x64 = Release|x64
		Release|x86 = Release|x86
	EndGlobalSection
	GlobalSection(ProjectConfigurationPlatforms) = postSolution
		{10D7A4CA-5EAC-40C8-ABE7-DC5989859D78}.Debug|Any CPU.ActiveCfg = Debug|x64
		{10D7A4CA-5EAC-40C8-ABE7-DC5989859D78}.Debug|Mixed Platforms.ActiveCfg = Debug|x86
		{10D7A4CA-5EAC-40C8-ABE7-DC5989859D78}.Debug|Mixed Platforms.Build.0 = Debug|x86
		{10D7A4CA-5EAC-40C8-ABE7-DC5989859D78}.Debug|Win32.ActiveCfg = Debug|x86
		{10D7A4CA-5EAC-40C8-ABE7-DC5989859D78}.Debug|Win32.Build.0 = Debug|x86
		{10D7A4CA-5EAC-40C8-ABE7-DC5989859D78}.Debug|x64.ActiveCfg = Debug|x64
		{10D7A4CA-5EAC-40C8-ABE7-DC5989859D78}.Debug|x64.Build.0 = Debug|x64
		{10D7A4CA-5EAC-40C8-ABE7-DC5989859D78}.Debug|x86.ActiveCfg = Debug|x86
		{10D7A4CA-5EAC-40C8-ABE7-DC5989859D78}.Debug|x86.Build.0 = Debug|x86
		{10D7A4CA-5EAC-40C8-ABE7-DC5989859D78}.Release|Any CPU.ActiveCfg = Release|x64
		{10D7A4CA-5EAC-40C8-ABE7-DC5989859D78}.Release|Mixed Platforms.ActiveCfg = Release|x86
		{10D7A4CA-5EAC-40C8-ABE7-DC5989859D78}.Release|Mixed Platforms.Build.0 = Release|x86
		{10D7A4CA-5EAC-40C8-ABE7-DC5989859D78}.Release|Win32.ActiveCfg = Release|x86
		{10D7A4CA-5EAC-40C8-ABE7-DC5989859D78}.Release|Win32.Build.0 = Release|x86
		{10D7A4CA-5EAC-40C8-ABE7-DC5989859D78}.Release|x64.ActiveCfg = Release|x64
		{10D7A4CA-5EAC-40C8-ABE7-DC5989859D78}.Release|x64.Build.0 = Release|x64
		{10D7A4CA-5EAC-40C8-ABE7-DC5989859D78}.Release|x86.ActiveCfg = Release|x86
		{10D7A4CA-5EAC-40C8-ABE7-DC5989859D78}.Release|x86.Build.0 = Release|x86
		{374D51CD-5F57-4145-8A61-9CBAB5E0F6D7}.Debug|Any CPU.ActiveCfg = Debug|x64
		{374D51CD-5F57-4145-8A61-9CBAB5E0F6D7}.Debug|Mixed Platforms.ActiveCfg = Debug|x64
		{374D51CD-5F57-4145-8A61-9CBAB5E0F6D7}.Debug|Mixed Platforms.Build.0 = Debug|x64
		{374D51CD-5F57-4145-8A61-9CBAB5E0F6D7}.Debug|Win32.ActiveCfg = Debug|x86
		{374D51CD-5F57-4145-8A61-9CBAB5E0F6D7}.Debug|Win32.Build.0 = Debug|x86
		{374D51CD-5F57-4145-8A61-9CBAB5E0F6D7}.Debug|x64.ActiveCfg = Debug|x64
		{374D51CD-5F57-4145-8A61-9CBAB5E0F6D7}.Debug|x64.Build.0 = Debug|x64
		{374D51CD-5F57-4145-8A61-9CBAB5E0F6D7}.Debug|x86.ActiveCfg = Debug|x86
		{374D51CD-5F57-4145-8A61-9CBAB5E0F6D7}.Debug|x86.Build.0 = Debug|x86
		{374D51CD-5F57-4145-8A61-9CBAB5E0F6D7}.Release|Any CPU.ActiveCfg = Release|x64
		{374D51CD-5F57-4145-8A61-9CBAB5E0F6D7}.Release|Mixed Platforms.ActiveCfg = Release|x64
		{374D51CD-5F57-4145-8A61-9CBAB5E0F6D7}.Release|Mixed Platforms.Build.0 = Release|x64
		{374D51CD-5F57-4145-8A61-9CBAB5E0F6D7}.Release|Win32.ActiveCfg = Release|x86
		{374D51CD-5F57-4145-8A61-9CBAB5E0F6D7}.Release|Win32.Build.0 = Release|x86
		{374D51CD-5F57-4145-8A61-9CBAB5E0F6D7}.Release|x64.ActiveCfg = Release|x64
		{374D51CD-5F57-4145-8A61-9CBAB5E0F6D7}.Release|x64.Build.0 = Release|x64
		{374D51CD-5F57-4145-8A61-9CBAB5E0F6D7}.Release|x86.ActiveCfg = Release|x86
		{374D51CD-5F57-4145-8A61-9CBAB5E0F6D7}.Release|x86.Build.0 = Release|x86
		{A6D94E03-CB88-4093-B19C-3D320CA538B9}.Debug|Any CPU.ActiveCfg = Debug|x64
		{A6D94E03-CB88-4093-B19C-3D320CA538B9}.Debug|Mixed Platforms.ActiveCfg = Debug|x64
		{A6D94E03-CB88-4093-B19C-3D320CA538B9}.Debug|Mixed Platforms.Build.0 = Debug|x64
		{A6D94E03-CB88-4093-B19C-3D320CA538B9}.Debug|Win32.ActiveCfg = Debug|x86
		{A6D94E03-CB88-4093-B19C-3D320CA538B9}.Debug|Win32.Build.0 = Debug|x86
		{A6D94E03-CB88-4093-B19C-3D320CA538B9}.Debug|x64.ActiveCfg = Debug|x64
		{A6D94E03-CB88-4093-B19C-3D320CA538B9}.Debug|x64.Build.0 = Debug|x64
		{A6D94E03-CB88-4093-B19C-3D320CA538B9}.Debug|x86.ActiveCfg = Debug|x86
		{A6D94E03-CB88-4093-B19C-3D320CA538B9}.Debug|x86.Build.0 = Debug|x86
		{A6D94E03-CB88-4093-B19C-3D320CA538B9}.Release|Any CPU.ActiveCfg = Release|x64
		{A6D94E03-CB88-4093-B19C-3D320CA538B9}.Release|Mixed Platforms.ActiveCfg = Release|x64
		{A6D94E03-CB88-4093-B19C-3D320CA538B9}.Release|Mixed Platforms.Build.0 = Release|x64
		{A6D94E03-CB88-4093-B19C-3D320CA538B9}.Release|Win32.ActiveCfg = Release|x86
		{A6D94E03-CB88-4093-B19C-3D320CA538B9}.Release|Win32.Build.0 = Release|x86
		{A6D94E03-CB88-4093-B19C-3D320CA538B9}.Release|x64.ActiveCfg = Release|x64
		{A6D94E03-CB88-4093-B19C-3D320CA538B9}.Release|x64.Build.0 = Release|x64
		{A6D94E03-CB88-4093-B19C-3D320CA538B9}.Release|x86.ActiveCfg = Release|x86
		{A6D94E03-CB88-4093-B19C-3D320CA538B9}.Release|x86.Build.0 = Release|x86
		{FB2AB705-4466-4988-94DE-A3F324E109BA}.Debug|Any CPU.ActiveCfg = Debug|x64
		{FB2AB705-4466-4988-94DE-A3F324E109BA}.Debug|Mixed Platforms.ActiveCfg = Debug|x64
		{FB2AB705-4466-4988-94DE-A3F324E109BA}.Debug|Mixed Platforms.Build.0 = Debug|x64
		{FB2AB705-4466-4988-94DE-A3F324E109BA}.Debug|Win32.ActiveCfg = Debug|x86
		{FB2AB705-4466-4988-94DE-A3F324E109BA}.Debug|Win32.Build.0 = Debug|x86
		{FB2AB705-4466-4988-94DE-A3F324E109BA}.Debug|x64.ActiveCfg = Debug|x64
		{FB2AB705-4466-4988-94DE-A3F324E109BA}.Debug|x64.Build.0 = Debug|x64
		{FB2AB705-4466-4988-94DE-A3F324E109BA}.Debug|x86.ActiveCfg = Debug|x86
		{FB2AB705-4466-4988-94DE-A3F324E109BA}.Debug|x86.Build.0 = Debug|x86
		{FB2AB705-4466-4988-94DE-A3F324E109BA}.Release|Any CPU.ActiveCfg = Release|x64
		{FB2AB705-4466-4988-94DE-A3F324E109BA}.Release|Mixed Platforms.ActiveCfg = Release|x64
		{FB2AB705-4466-4988-94DE-A3F324E109BA}.Release|Mixed Platforms.Build.0 = Release|x64
		{FB2AB705-4466-4988-94DE-A3F324E109BA}.Release|Win32.ActiveCfg = Release|x86
		{FB2AB705-4466-4988-94DE-A3F324E109BA}.Release|Win32.Build.0 = Release|x86
		{FB2AB705-4466-4988-94DE-A3F324E109BA}.Release|x64.ActiveCfg = Release|x64
		{FB2AB705-4466-4988-94DE-A3F324E109BA}.Release|x64.Build.0 = Release|x64
		{FB2AB705-4466-4988-94DE-A3F324E109BA}.Release|x86.ActiveCfg = Release|x86
		{FB2AB705-4466-4988-94DE-A3F324E109BA}.Release|x86.Build.0 = Release|x86
		{E942BEEE-7662-44AC-9BD6-1004A6813AC8}.Debug|Any CPU.ActiveCfg = Debug|Any CPU
		{E942BEEE-7662-44AC-9BD6-1004A6813AC8}.Debug|Any CPU.Build.0 = Debug|Any CPU
		{E942BEEE-7662-44AC-9BD6-1004A6813AC8}.Debug|Mixed Platforms.ActiveCfg = Debug|x64
		{E942BEEE-7662-44AC-9BD6-1004A6813AC8}.Debug|Mixed Platforms.Build.0 = Debug|x64
		{E942BEEE-7662-44AC-9BD6-1004A6813AC8}.Debug|Win32.ActiveCfg = Debug|x86
		{E942BEEE-7662-44AC-9BD6-1004A6813AC8}.Debug|Win32.Build.0 = Debug|x86
		{E942BEEE-7662-44AC-9BD6-1004A6813AC8}.Debug|x64.ActiveCfg = Debug|x64
		{E942BEEE-7662-44AC-9BD6-1004A6813AC8}.Debug|x64.Build.0 = Debug|x64
		{E942BEEE-7662-44AC-9BD6-1004A6813AC8}.Debug|x86.ActiveCfg = Debug|x86
		{E942BEEE-7662-44AC-9BD6-1004A6813AC8}.Debug|x86.Build.0 = Debug|x86
		{E942BEEE-7662-44AC-9BD6-1004A6813AC8}.Release|Any CPU.ActiveCfg = Release|Any CPU
		{E942BEEE-7662-44AC-9BD6-1004A6813AC8}.Release|Any CPU.Build.0 = Release|Any CPU
		{E942BEEE-7662-44AC-9BD6-1004A6813AC8}.Release|Mixed Platforms.ActiveCfg = Release|x64
		{E942BEEE-7662-44AC-9BD6-1004A6813AC8}.Release|Mixed Platforms.Build.0 = Release|x64
		{E942BEEE-7662-44AC-9BD6-1004A6813AC8}.Release|Win32.ActiveCfg = Release|x86
		{E942BEEE-7662-44AC-9BD6-1004A6813AC8}.Release|Win32.Build.0 = Release|x86
		{E942BEEE-7662-44AC-9BD6-1004A6813AC8}.Release|x64.ActiveCfg = Release|x64
		{E942BEEE-7662-44AC-9BD6-1004A6813AC8}.Release|x64.Build.0 = Release|x64
		{E942BEEE-7662-44AC-9BD6-1004A6813AC8}.Release|x86.ActiveCfg = Release|x86
		{E942BEEE-7662-44AC-9BD6-1004A6813AC8}.Release|x86.Build.0 = Release|x86
		{D3337309-9682-425E-8EDC-2ECFACF79565}.Debug|Any CPU.ActiveCfg = Debug|Any CPU
		{D3337309-9682-425E-8EDC-2ECFACF79565}.Debug|Any CPU.Build.0 = Debug|Any CPU
		{D3337309-9682-425E-8EDC-2ECFACF79565}.Debug|Mixed Platforms.ActiveCfg = Debug|x86
		{D3337309-9682-425E-8EDC-2ECFACF79565}.Debug|Mixed Platforms.Build.0 = Debug|x86
		{D3337309-9682-425E-8EDC-2ECFACF79565}.Debug|Win32.ActiveCfg = Debug|x86
		{D3337309-9682-425E-8EDC-2ECFACF79565}.Debug|Win32.Build.0 = Debug|x86
		{D3337309-9682-425E-8EDC-2ECFACF79565}.Debug|x64.ActiveCfg = Debug|x64
		{D3337309-9682-425E-8EDC-2ECFACF79565}.Debug|x64.Build.0 = Debug|x64
		{D3337309-9682-425E-8EDC-2ECFACF79565}.Debug|x86.ActiveCfg = Debug|x86
		{D3337309-9682-425E-8EDC-2ECFACF79565}.Debug|x86.Build.0 = Debug|x86
		{D3337309-9682-425E-8EDC-2ECFACF79565}.Release|Any CPU.ActiveCfg = Release|Any CPU
		{D3337309-9682-425E-8EDC-2ECFACF79565}.Release|Any CPU.Build.0 = Release|Any CPU
		{D3337309-9682-425E-8EDC-2ECFACF79565}.Release|Mixed Platforms.ActiveCfg = Release|x86
		{D3337309-9682-425E-8EDC-2ECFACF79565}.Release|Mixed Platforms.Build.0 = Release|x86
		{D3337309-9682-425E-8EDC-2ECFACF79565}.Release|Win32.ActiveCfg = Release|x86
		{D3337309-9682-425E-8EDC-2ECFACF79565}.Release|Win32.Build.0 = Release|x86
		{D3337309-9682-425E-8EDC-2ECFACF79565}.Release|x64.ActiveCfg = Release|x64
		{D3337309-9682-425E-8EDC-2ECFACF79565}.Release|x64.Build.0 = Release|x64
		{D3337309-9682-425E-8EDC-2ECFACF79565}.Release|x86.ActiveCfg = Release|x86
		{D3337309-9682-425E-8EDC-2ECFACF79565}.Release|x86.Build.0 = Release|x86
		{42F64FED-5022-4EA8-8C52-70481E90373B}.Debug|Any CPU.ActiveCfg = Debug|x86
		{42F64FED-5022-4EA8-8C52-70481E90373B}.Debug|Mixed Platforms.ActiveCfg = Debug|x86
		{42F64FED-5022-4EA8-8C52-70481E90373B}.Debug|Mixed Platforms.Build.0 = Debug|x86
		{42F64FED-5022-4EA8-8C52-70481E90373B}.Debug|Win32.ActiveCfg = Debug|x86
		{42F64FED-5022-4EA8-8C52-70481E90373B}.Debug|Win32.Build.0 = Debug|x86
		{42F64FED-5022-4EA8-8C52-70481E90373B}.Debug|x64.ActiveCfg = Debug|x64
		{42F64FED-5022-4EA8-8C52-70481E90373B}.Debug|x64.Build.0 = Debug|x64
		{42F64FED-5022-4EA8-8C52-70481E90373B}.Debug|x86.ActiveCfg = Debug|x86
		{42F64FED-5022-4EA8-8C52-70481E90373B}.Debug|x86.Build.0 = Debug|x86
		{42F64FED-5022-4EA8-8C52-70481E90373B}.Release|Any CPU.ActiveCfg = Release|x86
		{42F64FED-5022-4EA8-8C52-70481E90373B}.Release|Mixed Platforms.ActiveCfg = Release|x86
		{42F64FED-5022-4EA8-8C52-70481E90373B}.Release|Mixed Platforms.Build.0 = Release|x86
		{42F64FED-5022-4EA8-8C52-70481E90373B}.Release|Win32.ActiveCfg = Release|x86
		{42F64FED-5022-4EA8-8C52-70481E90373B}.Release|Win32.Build.0 = Release|x86
		{42F64FED-5022-4EA8-8C52-70481E90373B}.Release|x64.ActiveCfg = Release|x64
		{42F64FED-5022-4EA8-8C52-70481E90373B}.Release|x64.Build.0 = Release|x64
		{42F64FED-5022-4EA8-8C52-70481E90373B}.Release|x86.ActiveCfg = Release|x86
		{42F64FED-5022-4EA8-8C52-70481E90373B}.Release|x86.Build.0 = Release|x86
		{BB668597-0E2E-4AC7-9F50-38668215C998}.Debug|Any CPU.ActiveCfg = Debug|x86
		{BB668597-0E2E-4AC7-9F50-38668215C998}.Debug|Mixed Platforms.ActiveCfg = Debug|x86
		{BB668597-0E2E-4AC7-9F50-38668215C998}.Debug|Mixed Platforms.Build.0 = Debug|x86
		{BB668597-0E2E-4AC7-9F50-38668215C998}.Debug|Win32.ActiveCfg = Debug|x86
		{BB668597-0E2E-4AC7-9F50-38668215C998}.Debug|Win32.Build.0 = Debug|x86
		{BB668597-0E2E-4AC7-9F50-38668215C998}.Debug|x64.ActiveCfg = Debug|x64
		{BB668597-0E2E-4AC7-9F50-38668215C998}.Debug|x64.Build.0 = Debug|x64
		{BB668597-0E2E-4AC7-9F50-38668215C998}.Debug|x86.ActiveCfg = Debug|x86
		{BB668597-0E2E-4AC7-9F50-38668215C998}.Debug|x86.Build.0 = Debug|x86
		{BB668597-0E2E-4AC7-9F50-38668215C998}.Release|Any CPU.ActiveCfg = Release|x86
		{BB668597-0E2E-4AC7-9F50-38668215C998}.Release|Mixed Platforms.ActiveCfg = Release|x86
		{BB668597-0E2E-4AC7-9F50-38668215C998}.Release|Mixed Platforms.Build.0 = Release|x86
		{BB668597-0E2E-4AC7-9F50-38668215C998}.Release|Win32.ActiveCfg = Release|x86
		{BB668597-0E2E-4AC7-9F50-38668215C998}.Release|Win32.Build.0 = Release|x86
		{BB668597-0E2E-4AC7-9F50-38668215C998}.Release|x64.ActiveCfg = Release|x64
		{BB668597-0E2E-4AC7-9F50-38668215C998}.Release|x64.Build.0 = Release|x64
		{BB668597-0E2E-4AC7-9F50-38668215C998}.Release|x86.ActiveCfg = Release|x86
		{BB668597-0E2E-4AC7-9F50-38668215C998}.Release|x86.Build.0 = Release|x86
	EndGlobalSection
	GlobalSection(SolutionProperties) = preSolution
		HideSolutionNode = FALSE
	EndGlobalSection
EndGlobal
