
Microsoft Visual Studio Solution File, Format Version 12.00
# Visual Studio 2013
VisualStudioVersion = 12.0.40629.0
MinimumVisualStudioVersion = 10.0.40219.1
Project("{FAE04EC0-301F-11D3-BF4B-00C04F79EFBC}") = "DotNetEmotivSDK", "DotNetEmotivSDK\DotNetEmotivSDK.csproj", "{D3337309-9682-425E-8EDC-2ECFACF79565}"
EndProject
Project("{FAE04EC0-301F-11D3-BF4B-00C04F79EFBC}") = "EEG_Data_Logger", "EEG_Data_Logger\EEG_Data_Logger.csproj", "{FDC029BE-96C3-4D8A-8BE8-618D580BE007}"
EndProject
Project("{FAE04EC0-301F-11D3-BF4B-00C04F79EFBC}") = "PerformanceMetric", "PerformanceMetric\PerformanceMetric.csproj", "{3053C6D0-50AC-4E34-863E-1266354C4277}"
EndProject
Project("{FAE04EC0-301F-11D3-BF4B-00C04F79EFBC}") = "ActivateLicense", "ActivateLicense\ActivateLicense.csproj", "{5B5EC2DD-152C-440E-8BC9-D32AD4FC4F0A}"
EndProject
Global
	GlobalSection(SolutionConfigurationPlatforms) = preSolution
		Debug|Any CPU = Debug|Any CPU
		Debug|Mixed Platforms = Debug|Mixed Platforms
		Debug|Win32 = Debug|Win32
		Debug|x64 = Debug|x64
		Debug|x86 = Debug|x86
		Release|Any CPU = Release|Any CPU
		Release|Mixed Platforms = Release|Mixed Platforms
		Release|Win32 = Release|Win32
		Release|x64 = Release|x64
		Release|x86 = Release|x86
	EndGlobalSection
	GlobalSection(ProjectConfigurationPlatforms) = postSolution
		{D3337309-9682-425E-8EDC-2ECFACF79565}.Debug|Any CPU.ActiveCfg = Debug|Any CPU
		{D3337309-9682-425E-8EDC-2ECFACF79565}.Debug|Any CPU.Build.0 = Debug|Any CPU
		{D3337309-9682-425E-8EDC-2ECFACF79565}.Debug|Mixed Platforms.ActiveCfg = Debug|x86
		{D3337309-9682-425E-8EDC-2ECFACF79565}.Debug|Mixed Platforms.Build.0 = Debug|x86
		{D3337309-9682-425E-8EDC-2ECFACF79565}.Debug|Win32.ActiveCfg = Debug|x86
		{D3337309-9682-425E-8EDC-2ECFACF79565}.Debug|Win32.Build.0 = Debug|x86
		{D3337309-9682-425E-8EDC-2ECFACF79565}.Debug|x64.ActiveCfg = Debug|x64
		{D3337309-9682-425E-8EDC-2ECFACF79565}.Debug|x64.Build.0 = Debug|x64
		{D3337309-9682-425E-8EDC-2ECFACF79565}.Debug|x86.ActiveCfg = Debug|x86
		{D3337309-9682-425E-8EDC-2ECFACF79565}.Debug|x86.Build.0 = Debug|x86
		{D3337309-9682-425E-8EDC-2ECFACF79565}.Release|Any CPU.ActiveCfg = Release|Any CPU
		{D3337309-9682-425E-8EDC-2ECFACF79565}.Release|Any CPU.Build.0 = Release|Any CPU
		{D3337309-9682-425E-8EDC-2ECFACF79565}.Release|Mixed Platforms.ActiveCfg = Release|x86
		{D3337309-9682-425E-8EDC-2ECFACF79565}.Release|Mixed Platforms.Build.0 = Release|x86
		{D3337309-9682-425E-8EDC-2ECFACF79565}.Release|Win32.ActiveCfg = Release|x86
		{D3337309-9682-425E-8EDC-2ECFACF79565}.Release|Win32.Build.0 = Release|x86
		{D3337309-9682-425E-8EDC-2ECFACF79565}.Release|x64.ActiveCfg = Release|x64
		{D3337309-9682-425E-8EDC-2ECFACF79565}.Release|x64.Build.0 = Release|x64
		{D3337309-9682-425E-8EDC-2ECFACF79565}.Release|x86.ActiveCfg = Release|x86
		{D3337309-9682-425E-8EDC-2ECFACF79565}.Release|x86.Build.0 = Release|x86
		{FDC029BE-96C3-4D8A-8BE8-618D580BE007}.Debug|Any CPU.ActiveCfg = Debug|x86
		{FDC029BE-96C3-4D8A-8BE8-618D580BE007}.Debug|Mixed Platforms.ActiveCfg = Debug|x86
		{FDC029BE-96C3-4D8A-8BE8-618D580BE007}.Debug|Mixed Platforms.Build.0 = Debug|x86
		{FDC029BE-96C3-4D8A-8BE8-618D580BE007}.Debug|Win32.ActiveCfg = Debug|x86
		{FDC029BE-96C3-4D8A-8BE8-618D580BE007}.Debug|Win32.Build.0 = Debug|x86
		{FDC029BE-96C3-4D8A-8BE8-618D580BE007}.Debug|x64.ActiveCfg = Debug|x64
		{FDC029BE-96C3-4D8A-8BE8-618D580BE007}.Debug|x64.Build.0 = Debug|x64
		{FDC029BE-96C3-4D8A-8BE8-618D580BE007}.Debug|x86.ActiveCfg = Debug|x86
		{FDC029BE-96C3-4D8A-8BE8-618D580BE007}.Debug|x86.Build.0 = Debug|x86
		{FDC029BE-96C3-4D8A-8BE8-618D580BE007}.Release|Any CPU.ActiveCfg = Release|x86
		{FDC029BE-96C3-4D8A-8BE8-618D580BE007}.Release|Mixed Platforms.ActiveCfg = Release|x86
		{FDC029BE-96C3-4D8A-8BE8-618D580BE007}.Release|Mixed Platforms.Build.0 = Release|x86
		{FDC029BE-96C3-4D8A-8BE8-618D580BE007}.Release|Win32.ActiveCfg = Release|x86
		{FDC029BE-96C3-4D8A-8BE8-618D580BE007}.Release|Win32.Build.0 = Release|x86
		{FDC029BE-96C3-4D8A-8BE8-618D580BE007}.Release|x64.ActiveCfg = Release|x64
		{FDC029BE-96C3-4D8A-8BE8-618D580BE007}.Release|x64.Build.0 = Release|x64
		{FDC029BE-96C3-4D8A-8BE8-618D580BE007}.Release|x86.ActiveCfg = Release|x86
		{FDC029BE-96C3-4D8A-8BE8-618D580BE007}.Release|x86.Build.0 = Release|x86
		{3053C6D0-50AC-4E34-863E-1266354C4277}.Debug|Any CPU.ActiveCfg = Debug|x86
		{3053C6D0-50AC-4E34-863E-1266354C4277}.Debug|Mixed Platforms.ActiveCfg = Debug|x86
		{3053C6D0-50AC-4E34-863E-1266354C4277}.Debug|Mixed Platforms.Build.0 = Debug|x86
		{3053C6D0-50AC-4E34-863E-1266354C4277}.Debug|Win32.ActiveCfg = Debug|x86
		{3053C6D0-50AC-4E34-863E-1266354C4277}.Debug|Win32.Build.0 = Debug|x86
		{3053C6D0-50AC-4E34-863E-1266354C4277}.Debug|x64.ActiveCfg = Debug|x64
		{3053C6D0-50AC-4E34-863E-1266354C4277}.Debug|x64.Build.0 = Debug|x64
		{3053C6D0-50AC-4E34-863E-1266354C4277}.Debug|x86.ActiveCfg = Debug|x86
		{3053C6D0-50AC-4E34-863E-1266354C4277}.Debug|x86.Build.0 = Debug|x86
		{3053C6D0-50AC-4E34-863E-1266354C4277}.Release|Any CPU.ActiveCfg = Release|x86
		{3053C6D0-50AC-4E34-863E-1266354C4277}.Release|Mixed Platforms.ActiveCfg = Release|x86
		{3053C6D0-50AC-4E34-863E-1266354C4277}.Release|Mixed Platforms.Build.0 = Release|x86
		{3053C6D0-50AC-4E34-863E-1266354C4277}.Release|Win32.ActiveCfg = Release|x86
		{3053C6D0-50AC-4E34-863E-1266354C4277}.Release|Win32.Build.0 = Release|x86
		{3053C6D0-50AC-4E34-863E-1266354C4277}.Release|x64.ActiveCfg = Release|x64
		{3053C6D0-50AC-4E34-863E-1266354C4277}.Release|x64.Build.0 = Release|x64
		{3053C6D0-50AC-4E34-863E-1266354C4277}.Release|x86.ActiveCfg = Release|x86
		{3053C6D0-50AC-4E34-863E-1266354C4277}.Release|x86.Build.0 = Release|x86
		{5B5EC2DD-152C-440E-8BC9-D32AD4FC4F0A}.Debug|Any CPU.ActiveCfg = Debug|x86
		{5B5EC2DD-152C-440E-8BC9-D32AD4FC4F0A}.Debug|Mixed Platforms.ActiveCfg = Debug|x86
		{5B5EC2DD-152C-440E-8BC9-D32AD4FC4F0A}.Debug|Mixed Platforms.Build.0 = Debug|x86
		{5B5EC2DD-152C-440E-8BC9-D32AD4FC4F0A}.Debug|Win32.ActiveCfg = Debug|x86
		{5B5EC2DD-152C-440E-8BC9-D32AD4FC4F0A}.Debug|Win32.Build.0 = Debug|x86
		{5B5EC2DD-152C-440E-8BC9-D32AD4FC4F0A}.Debug|x64.ActiveCfg = Debug|x64
		{5B5EC2DD-152C-440E-8BC9-D32AD4FC4F0A}.Debug|x64.Build.0 = Debug|x64
		{5B5EC2DD-152C-440E-8BC9-D32AD4FC4F0A}.Debug|x86.ActiveCfg = Debug|x86
		{5B5EC2DD-152C-440E-8BC9-D32AD4FC4F0A}.Debug|x86.Build.0 = Debug|x86
		{5B5EC2DD-152C-440E-8BC9-D32AD4FC4F0A}.Release|Any CPU.ActiveCfg = Release|x86
		{5B5EC2DD-152C-440E-8BC9-D32AD4FC4F0A}.Release|Mixed Platforms.ActiveCfg = Release|x86
		{5B5EC2DD-152C-440E-8BC9-D32AD4FC4F0A}.Release|Mixed Platforms.Build.0 = Release|x86
		{5B5EC2DD-152C-440E-8BC9-D32AD4FC4F0A}.Release|Win32.ActiveCfg = Release|x86
		{5B5EC2DD-152C-440E-8BC9-D32AD4FC4F0A}.Release|Win32.Build.0 = Release|x86
		{5B5EC2DD-152C-440E-8BC9-D32AD4FC4F0A}.Release|x64.ActiveCfg = Release|x64
		{5B5EC2DD-152C-440E-8BC9-D32AD4FC4F0A}.Release|x64.Build.0 = Release|x64
		{5B5EC2DD-152C-440E-8BC9-D32AD4FC4F0A}.Release|x86.ActiveCfg = Release|x86
		{5B5EC2DD-152C-440E-8BC9-D32AD4FC4F0A}.Release|x86.Build.0 = Release|x86
	EndGlobalSection
	GlobalSection(SolutionProperties) = preSolution
		HideSolutionNode = FALSE
	EndGlobalSection
EndGlobal
