<?xml version="1.0" encoding="utf-8"?>
<Project ToolsVersion="4.0" xmlns="http://schemas.microsoft.com/developer/msbuild/2003">
  <ItemGroup>
    <ClCompile Include="Server.cpp" />
    <ClCompile Include="GyroData.cpp" />
    <ClCompile Include="FacialCommands.cpp" />
    <ClCompile Include="FacialExpression.cpp" />
    <ClCompile Include="MentalCommands.cpp" />
  </ItemGroup>
  <ItemGroup>
    <ClInclude Include="resource.h" />
    <ClInclude Include="GyroData.h" />
    <ClInclude Include="FacialCommands.h" />
    <ClInclude Include="FacialExpression.h" />
    <ClInclude Include="MentalCommands.h" />
  </ItemGroup>
  <ItemGroup>
    <ResourceCompile Include="WinSockServer.rc" />
  </ItemGroup>
</Project>